
Microsoft Visual Studio Solution File, Format Version 12.00
# Visual Studio 14
VisualStudioVersion = 14.0.25420.1
MinimumVisualStudioVersion = 10.0.40219.1
Project("{FAE04EC0-301F-11D3-BF4B-00C04F79EFBC}") = "ProyectoWebApplication", "ProyectoWebApplication\ProyectoWebApplication.csproj", "{62DC9136-7907-4C83-BE21-E4B749E29ED0}"
EndProject
Project("{FAE04EC0-301F-11D3-BF4B-00C04F79EFBC}") = "DAL", "DAL\DAL.csproj", "{1BD231AD-58CF-4268-A60C-8FD26A284D2D}"
EndProject
Project("{FAE04EC0-301F-11D3-BF4B-00C04F79EFBC}") = "BLL", "BLL\BLL.csproj", "{A0609844-0F6F-474C-BF57-4ACB6E42042B}"
EndProject
Global
	GlobalSection(SolutionConfigurationPlatforms) = preSolution
		Debug|Any CPU = Debug|Any CPU
		Release|Any CPU = Release|Any CPU
	EndGlobalSection
	GlobalSection(ProjectConfigurationPlatforms) = postSolution
		{62DC9136-7907-4C83-BE21-E4B749E29ED0}.Debug|Any CPU.ActiveCfg = Debug|Any CPU
		{62DC9136-7907-4C83-BE21-E4B749E29ED0}.Debug|Any CPU.Build.0 = Debug|Any CPU
		{62DC9136-7907-4C83-BE21-E4B749E29ED0}.Release|Any CPU.ActiveCfg = Release|Any CPU
		{62DC9136-7907-4C83-BE21-E4B749E29ED0}.Release|Any CPU.Build.0 = Release|Any CPU
		{1BD231AD-58CF-4268-A60C-8FD26A284D2D}.Debug|Any CPU.ActiveCfg = Debug|Any CPU
		{1BD231AD-58CF-4268-A60C-8FD26A284D2D}.Debug|Any CPU.Build.0 = Debug|Any CPU
		{1BD231AD-58CF-4268-A60C-8FD26A284D2D}.Release|Any CPU.ActiveCfg = Release|Any CPU
		{1BD231AD-58CF-4268-A60C-8FD26A284D2D}.Release|Any CPU.Build.0 = Release|Any CPU
		{A0609844-0F6F-474C-BF57-4ACB6E42042B}.Debug|Any CPU.ActiveCfg = Debug|Any CPU
		{A0609844-0F6F-474C-BF57-4ACB6E42042B}.Debug|Any CPU.Build.0 = Debug|Any CPU
		{A0609844-0F6F-474C-BF57-4ACB6E42042B}.Release|Any CPU.ActiveCfg = Release|Any CPU
		{A0609844-0F6F-474C-BF57-4ACB6E42042B}.Release|Any CPU.Build.0 = Release|Any CPU
	EndGlobalSection
	GlobalSection(SolutionProperties) = preSolution
		HideSolutionNode = FALSE
	EndGlobalSection
EndGlobal
